
Microsoft Visual Studio Solution File, Format Version 12.00
# Visual Studio Version 17
VisualStudioVersion = 17.14.36518.9
MinimumVisualStudioVersion = 10.0.40219.1
Project("{FAE04EC0-301F-11D3-BF4B-00C04F79EFBC}") = "Training.Core", "Training.Core\Training.Core.csproj", "{6E62D00D-866E-4B76-BCC4-4F40C2856FF4}"
EndProject
Project("{FAE04EC0-301F-11D3-BF4B-00C04F79EFBC}") = "Training.API", "Training.API\Training.API.csproj", "{BBFDF745-4908-4850-B020-80DED20493B5}"
EndProject
Project("{2150E333-8FDC-42A3-9474-1A3956D46DE8}") = "Solution Items", "Solution Items", "{02EA681E-C7D8-13C7-8484-4AC65E1B71E8}"
	ProjectSection(SolutionItems) = preProject
		.editorconfig = .editorconfig
	EndProjectSection
EndProject
Global
	GlobalSection(SolutionConfigurationPlatforms) = preSolution
		Debug|Any CPU = Debug|Any CPU
		Release|Any CPU = Release|Any CPU
	EndGlobalSection
	GlobalSection(ProjectConfigurationPlatforms) = postSolution
		{6E62D00D-866E-4B76-BCC4-4F40C2856FF4}.Debug|Any CPU.ActiveCfg = Debug|Any CPU
		{6E62D00D-866E-4B76-BCC4-4F40C2856FF4}.Debug|Any CPU.Build.0 = Debug|Any CPU
		{6E62D00D-866E-4B76-BCC4-4F40C2856FF4}.Release|Any CPU.ActiveCfg = Release|Any CPU
		{6E62D00D-866E-4B76-BCC4-4F40C2856FF4}.Release|Any CPU.Build.0 = Release|Any CPU
		{BBFDF745-4908-4850-B020-80DED20493B5}.Debug|Any CPU.ActiveCfg = Debug|Any CPU
		{BBFDF745-4908-4850-B020-80DED20493B5}.Debug|Any CPU.Build.0 = Debug|Any CPU
		{BBFDF745-4908-4850-B020-80DED20493B5}.Release|Any CPU.ActiveCfg = Release|Any CPU
		{BBFDF745-4908-4850-B020-80DED20493B5}.Release|Any CPU.Build.0 = Release|Any CPU
	EndGlobalSection
	GlobalSection(SolutionProperties) = preSolution
		HideSolutionNode = FALSE
	EndGlobalSection
	GlobalSection(ExtensibilityGlobals) = postSolution
		SolutionGuid = {16007141-8850-4079-89BB-173797560535}
	EndGlobalSection
EndGlobal
